
Microsoft Visual Studio Solution File, Format Version 12.00
# Visual Studio Version 17
VisualStudioVersion = 17.11.35312.102
MinimumVisualStudioVersion = 10.0.40219.1
Project("{FAE04EC0-301F-11D3-BF4B-00C04F79EFBC}") = "assignment2solution2", "assignment2solution2.csproj", "{9E555094-EB2D-4DBF-8D60-10D6FB9C3DB1}"
EndProject
Global
	GlobalSection(SolutionConfigurationPlatforms) = preSolution
		Debug|Any CPU = Debug|Any CPU
		Release|Any CPU = Release|Any CPU
	EndGlobalSection
	GlobalSection(ProjectConfigurationPlatforms) = postSolution
		{9E555094-EB2D-4DBF-8D60-10D6FB9C3DB1}.Debug|Any CPU.ActiveCfg = Debug|Any CPU
		{9E555094-EB2D-4DBF-8D60-10D6FB9C3DB1}.Debug|Any CPU.Build.0 = Debug|Any CPU
		{9E555094-EB2D-4DBF-8D60-10D6FB9C3DB1}.Release|Any CPU.ActiveCfg = Release|Any CPU
		{9E555094-EB2D-4DBF-8D60-10D6FB9C3DB1}.Release|Any CPU.Build.0 = Release|Any CPU
	EndGlobalSection
	GlobalSection(SolutionProperties) = preSolution
		HideSolutionNode = FALSE
	EndGlobalSection
	GlobalSection(ExtensibilityGlobals) = postSolution
		SolutionGuid = {9C2BE335-F5EC-4E9C-853B-8F71DCD4DDD9}
	EndGlobalSection
EndGlobal
